<?xml version="1.0" encoding="utf-8"?>
<Project ToolsVersion="4.0" xmlns="http://schemas.microsoft.com/developer/msbuild/2003">
  <ItemGroup>
    <Filter Include="Source Files">
      <UniqueIdentifier>{eb6244fe-4fc5-48ff-8d35-6c9665c7da9e}</UniqueIdentifier>
      <Extensions>cpp;c;cxx;rc;def;r;odl;idl;hpj;bat</Extensions>
    </Filter>
    <Filter Include="Header Files">
      <UniqueIdentifier>{e40846f4-5fe0-4901-8b25-a0d04db24af4}</UniqueIdentifier>
      <Extensions>h;hpp;hxx;hm;inl</Extensions>
    </Filter>
  </ItemGroup>
  <ItemGroup>
    <ClCompile Include="PythonDebugModule.cpp">
      <Filter>Source Files</Filter>
    </ClCompile>
    <ClCompile Include="PythonLauncher.cpp">
      <Filter>Source Files</Filter>
    </ClCompile>
    <ClCompile Include="PythonMarshal.cpp">
      <Filter>Source Files</Filter>
    </ClCompile>
    <ClCompile Include="PythonUtils.cpp">
      <Filter>Source Files</Filter>
    </ClCompile>
    <ClCompile Include="Resource.cpp">
      <Filter>Source Files</Filter>
    </ClCompile>
    <ClCompile Include="StdAfx.cpp">
      <Filter>Source Files</Filter>
    </ClCompile>
  </ItemGroup>
  <ItemGroup>
    <ClInclude Include="PythonDebugModule.h">
      <Filter>Header Files</Filter>
    </ClInclude>
    <ClInclude Include="PythonLauncher.h">
      <Filter>Header Files</Filter>
    </ClInclude>
    <ClInclude Include="PythonMarshal.h">
      <Filter>Header Files</Filter>
    </ClInclude>
    <ClInclude Include="PythonUtils.h">
      <Filter>Header Files</Filter>
    </ClInclude>
    <ClInclude Include="Resource.h">
      <Filter>Header Files</Filter>
    </ClInclude>
    <ClInclude Include="StdAfx.h">
      <Filter>Header Files</Filter>
    </ClInclude>
  </ItemGroup>
</Project>