<?xml version="1.0" encoding="utf-8"?>
<Project ToolsVersion="4.0" xmlns="http://schemas.microsoft.com/developer/msbuild/2003">
  <ItemGroup>
    <Filter Include="Source Files">
      <UniqueIdentifier>{4FC737F1-C7A5-4376-A066-2A32D752A2FF}</UniqueIdentifier>
      <Extensions>cpp;c;cc;cxx;def;odl;idl;hpj;bat;asm;asmx</Extensions>
    </Filter>
    <Filter Include="Header Files">
      <UniqueIdentifier>{93995380-89BD-4b04-88EB-625FBE52EBFB}</UniqueIdentifier>
      <Extensions>h;hpp;hxx;hm;inl;inc;xsd</Extensions>
    </Filter>
  </ItemGroup>
  <ItemGroup>
    <ClCompile Include="src\buffer.c">
      <Filter>Source Files</Filter>
    </ClCompile>
    <ClCompile Include="src\des.c">
      <Filter>Source Files</Filter>
    </ClCompile>
    <ClCompile Include="src\fdwatch.c">
      <Filter>Source Files</Filter>
    </ClCompile>
    <ClCompile Include="src\gost.c">
      <Filter>Source Files</Filter>
    </ClCompile>
    <ClCompile Include="src\gost_old.c">
      <Filter>Source Files</Filter>
    </ClCompile>
    <ClCompile Include="src\hangul.c">
      <Filter>Source Files</Filter>
    </ClCompile>
    <ClCompile Include="src\heart.c">
      <Filter>Source Files</Filter>
    </ClCompile>
    <ClCompile Include="src\kstbl.c">
      <Filter>Source Files</Filter>
    </ClCompile>
    <ClCompile Include="src\log.c">
      <Filter>Source Files</Filter>
    </ClCompile>
    <ClCompile Include="src\main.c">
      <Filter>Source Files</Filter>
    </ClCompile>
    <ClCompile Include="src\memcpy.c">
      <Filter>Source Files</Filter>
    </ClCompile>
    <ClCompile Include="src\signal.c">
      <Filter>Source Files</Filter>
    </ClCompile>
    <ClCompile Include="src\socket.c">
      <Filter>Source Files</Filter>
    </ClCompile>
    <ClCompile Include="src\tea.c">
      <Filter>Source Files</Filter>
    </ClCompile>
    <ClCompile Include="src\utils.c">
      <Filter>Source Files</Filter>
    </ClCompile>
    <ClCompile Include="src\xdirent.c">
      <Filter>Source Files</Filter>
    </ClCompile>
    <ClCompile Include="src\xgetopt.c">
      <Filter>Source Files</Filter>
    </ClCompile>
    <ClCompile Include="src\xmd5.c">
      <Filter>Source Files</Filter>
    </ClCompile>
  </ItemGroup>
  <ItemGroup>
    <ClInclude Include="src\DES_table.h">
      <Filter>Source Files</Filter>
    </ClInclude>
    <ClInclude Include="include\buffer.h">
      <Filter>Header Files</Filter>
    </ClInclude>
    <ClInclude Include="include\crypt.h">
      <Filter>Header Files</Filter>
    </ClInclude>
    <ClInclude Include="include\fdwatch.h">
      <Filter>Header Files</Filter>
    </ClInclude>
    <ClInclude Include="include\hangul.h">
      <Filter>Header Files</Filter>
    </ClInclude>
    <ClInclude Include="include\heart.h">
      <Filter>Header Files</Filter>
    </ClInclude>
    <ClInclude Include="include\kstbl.h">
      <Filter>Header Files</Filter>
    </ClInclude>
    <ClInclude Include="include\log.h">
      <Filter>Header Files</Filter>
    </ClInclude>
    <ClInclude Include="include\main.h">
      <Filter>Header Files</Filter>
    </ClInclude>
    <ClInclude Include="include\memcpy.h">
      <Filter>Header Files</Filter>
    </ClInclude>
    <ClInclude Include="include\signal.h">
      <Filter>Header Files</Filter>
    </ClInclude>
    <ClInclude Include="include\socket.h">
      <Filter>Header Files</Filter>
    </ClInclude>
    <ClInclude Include="include\stdafx.h">
      <Filter>Header Files</Filter>
    </ClInclude>
    <ClInclude Include="include\typedef.h">
      <Filter>Header Files</Filter>
    </ClInclude>
    <ClInclude Include="include\utils.h">
      <Filter>Header Files</Filter>
    </ClInclude>
    <ClInclude Include="include\xdirent.h">
      <Filter>Header Files</Filter>
    </ClInclude>
    <ClInclude Include="include\xgetopt.h">
      <Filter>Header Files</Filter>
    </ClInclude>
    <ClInclude Include="include\xmd5.h">
      <Filter>Header Files</Filter>
    </ClInclude>
  </ItemGroup>
  <ItemGroup>
    <None Include="src\tea.s">
      <Filter>Source Files</Filter>
    </None>
  </ItemGroup>
</Project>