<?xml version="1.0" encoding="utf-8"?>
<Project ToolsVersion="4.0" xmlns="http://schemas.microsoft.com/developer/msbuild/2003">
  <ItemGroup>
    <Filter Include="Source Files">
      <UniqueIdentifier>{4FC737F1-C7A5-4376-A066-2A32D752A2FF}</UniqueIdentifier>
      <Extensions>cpp;c;cc;cxx;def;odl;idl;hpj;bat;asm;asmx</Extensions>
    </Filter>
  </ItemGroup>
  <ItemGroup>
    <ClCompile Include="BlockCountry.cpp">
      <Filter>Source Files</Filter>
    </ClCompile>
    <ClCompile Include="Cache.cpp">
      <Filter>Source Files</Filter>
    </ClCompile>
    <ClCompile Include="ClientManager.cpp">
      <Filter>Source Files</Filter>
    </ClCompile>
    <ClCompile Include="ClientManagerBoot.cpp">
      <Filter>Source Files</Filter>
    </ClCompile>
    <ClCompile Include="ClientManagerEventFlag.cpp">
      <Filter>Source Files</Filter>
    </ClCompile>
    <ClCompile Include="ClientManagerGuild.cpp">
      <Filter>Source Files</Filter>
    </ClCompile>
    <ClCompile Include="ClientManagerHorseName.cpp">
      <Filter>Source Files</Filter>
    </ClCompile>
    <ClCompile Include="ClientManagerLogin.cpp">
      <Filter>Source Files</Filter>
    </ClCompile>
    <ClCompile Include="ClientManagerParty.cpp">
      <Filter>Source Files</Filter>
    </ClCompile>
    <ClCompile Include="ClientManagerPlayer.cpp">
      <Filter>Source Files</Filter>
    </ClCompile>
    <ClCompile Include="Config.cpp">
      <Filter>Source Files</Filter>
    </ClCompile>
    <ClCompile Include="CsvReader.cpp">
      <Filter>Source Files</Filter>
    </ClCompile>
    <ClCompile Include="DBManager.cpp">
      <Filter>Source Files</Filter>
    </ClCompile>
    <ClCompile Include="grid.cpp">
      <Filter>Source Files</Filter>
    </ClCompile>
    <ClCompile Include="GuildManager.cpp">
      <Filter>Source Files</Filter>
    </ClCompile>
    <ClCompile Include="HB.cpp">
      <Filter>Source Files</Filter>
    </ClCompile>
    <ClCompile Include="ItemAwardManager.cpp">
      <Filter>Source Files</Filter>
    </ClCompile>
    <ClCompile Include="ItemIDRangeManager.cpp">
      <Filter>Source Files</Filter>
    </ClCompile>
    <ClCompile Include="Lock.cpp">
      <Filter>Source Files</Filter>
    </ClCompile>
    <ClCompile Include="LoginData.cpp">
      <Filter>Source Files</Filter>
    </ClCompile>
    <ClCompile Include="Main.cpp">
      <Filter>Source Files</Filter>
    </ClCompile>
    <ClCompile Include="Marriage.cpp">
      <Filter>Source Files</Filter>
    </ClCompile>
    <ClCompile Include="Monarch.cpp">
      <Filter>Source Files</Filter>
    </ClCompile>
    <ClCompile Include="MoneyLog.cpp">
      <Filter>Source Files</Filter>
    </ClCompile>
    <ClCompile Include="NetBase.cpp">
      <Filter>Source Files</Filter>
    </ClCompile>
    <ClCompile Include="Peer.cpp">
      <Filter>Source Files</Filter>
    </ClCompile>
    <ClCompile Include="PeerBase.cpp">
      <Filter>Source Files</Filter>
    </ClCompile>
    <ClCompile Include="PrivManager.cpp">
      <Filter>Source Files</Filter>
    </ClCompile>
    <ClCompile Include="ProtoReader.cpp">
      <Filter>Source Files</Filter>
    </ClCompile>
    <ClCompile Include="version.cpp">
      <Filter>Source Files</Filter>
    </ClCompile>
  </ItemGroup>
  <ItemGroup>
    <ClInclude Include="BlockCountry.h">
      <Filter>Source Files</Filter>
    </ClInclude>
    <ClInclude Include="Cache.h">
      <Filter>Source Files</Filter>
    </ClInclude>
    <ClInclude Include="ClientManager.h">
      <Filter>Source Files</Filter>
    </ClInclude>
    <ClInclude Include="Config.h">
      <Filter>Source Files</Filter>
    </ClInclude>
    <ClInclude Include="CsvReader.h">
      <Filter>Source Files</Filter>
    </ClInclude>
    <ClInclude Include="DBManager.h">
      <Filter>Source Files</Filter>
    </ClInclude>
    <ClInclude Include="grid.h">
      <Filter>Source Files</Filter>
    </ClInclude>
    <ClInclude Include="GuildManager.h">
      <Filter>Source Files</Filter>
    </ClInclude>
    <ClInclude Include="HB.h">
      <Filter>Source Files</Filter>
    </ClInclude>
    <ClInclude Include="ItemAwardManager.h">
      <Filter>Source Files</Filter>
    </ClInclude>
    <ClInclude Include="ItemIDRangeManager.h">
      <Filter>Source Files</Filter>
    </ClInclude>
    <ClInclude Include="Lock.h">
      <Filter>Source Files</Filter>
    </ClInclude>
    <ClInclude Include="LoginData.h">
      <Filter>Source Files</Filter>
    </ClInclude>
    <ClInclude Include="Main.h">
      <Filter>Source Files</Filter>
    </ClInclude>
    <ClInclude Include="Marriage.h">
      <Filter>Source Files</Filter>
    </ClInclude>
    <ClInclude Include="Monarch.h">
      <Filter>Source Files</Filter>
    </ClInclude>
    <ClInclude Include="MoneyLog.h">
      <Filter>Source Files</Filter>
    </ClInclude>
    <ClInclude Include="NetBase.h">
      <Filter>Source Files</Filter>
    </ClInclude>
    <ClInclude Include="Peer.h">
      <Filter>Source Files</Filter>
    </ClInclude>
    <ClInclude Include="PeerBase.h">
      <Filter>Source Files</Filter>
    </ClInclude>
    <ClInclude Include="PrivManager.h">
      <Filter>Source Files</Filter>
    </ClInclude>
    <ClInclude Include="ProtoReader.h">
      <Filter>Source Files</Filter>
    </ClInclude>
    <ClInclude Include="QID.h">
      <Filter>Source Files</Filter>
    </ClInclude>
    <ClInclude Include="stdafx.h">
      <Filter>Source Files</Filter>
    </ClInclude>
  </ItemGroup>
</Project>